{
  "name": "gcp-compute",
  "version": "1.0.0",
  "lockfileVersion": 2,
  "requires": true,
  "packages": {
    "": {
      "name": "gcp-compute",
      "version": "1.0.0",
      "license": "ISC",
      "dependencies": {
        "dotenv": "^16.0.1",
        "export-to-csv": "^0.2.1",
        "lodash": "^4.17.21"
      }
    },
    "node_modules/dotenv": {
      "version": "16.0.1",
      "resolved": "https://registry.npmjs.org/dotenv/-/dotenv-16.0.1.tgz",
      "integrity": "sha512-1K6hR6wtk2FviQ4kEiSjFiH5rpzEVi8WW0x96aztHVMhEspNpc4DVOUTEHtEva5VThQ8IaBX1Pe4gSzpVVUsKQ==",
      "engines": {
        "node": ">=12"
      }
    },
    "node_modules/export-to-csv": {
      "version": "0.2.1",
      "resolved": "https://registry.npmjs.org/export-to-csv/-/export-to-csv-0.2.1.tgz",
      "integrity": "sha512-KTbrd3CAZ0cFceJEZr1e5uiMasabeCpXq1/5uvVxDl53o4jXJHnltasQoj2NkzrxD8hU9kdwjnMhoir/7nNx/A=="
    },
    "node_modules/lodash": {
      "version": "4.17.21",
      "resolved": "https://registry.npmjs.org/lodash/-/lodash-4.17.21.tgz",
      "integrity": "sha512-v2kDEe57lecTulaDIuNTPy3Ry4gLGJ6Z1O3vE1krgXZNrsQ+LFTGHVxVjcXPs17LhbZVGedAJv8XZ1tvj5FvSg=="
    }
  },
  "dependencies": {
    "dotenv": {
      "version": "16.0.1",
      "resolved": "https://registry.npmjs.org/dotenv/-/dotenv-16.0.1.tgz",
      "integrity": "sha512-1K6hR6wtk2FviQ4kEiSjFiH5rpzEVi8WW0x96aztHVMhEspNpc4DVOUTEHtEva5VThQ8IaBX1Pe4gSzpVVUsKQ=="
    },
    "export-to-csv": {
      "version": "0.2.1",
      "resolved": "https://registry.npmjs.org/export-to-csv/-/export-to-csv-0.2.1.tgz",
      "integrity": "sha512-KTbrd3CAZ0cFceJEZr1e5uiMasabeCpXq1/5uvVxDl53o4jXJHnltasQoj2NkzrxD8hU9kdwjnMhoir/7nNx/A=="
    },
    "lodash": {
      "version": "4.17.21",
      "resolved": "https://registry.npmjs.org/lodash/-/lodash-4.17.21.tgz",
      "integrity": "sha512-v2kDEe57lecTulaDIuNTPy3Ry4gLGJ6Z1O3vE1krgXZNrsQ+LFTGHVxVjcXPs17LhbZVGedAJv8XZ1tvj5FvSg=="
    }
  }
}
